<Solution>
  <Folder Name="/src/">
    <Project Path="src/BankLoan.Api/BankLoan.Api.csproj" />
    <Project Path="src/BankLoan.Application/BankLoan.Application.csproj" />
    <Project Path="src/BankLoan.Domain/BankLoan.Domain.csproj" />
    <Project Path="src/BankLoan.Infrastructure/BankLoan.Infrastructure.csproj" />
  </Folder>
  <Folder Name="/tests/">
    <Project Path="tests/BankLoan.UnitTests/BankLoan.UnitTests.csproj" />
  </Folder>
</Solution>
